PODS:
  - Alamofire (4.5.0)
  - Bugly (2.4.6)
  - HandyJSON (1.7.1)
  - IQKeyboardManagerSwift (4.0.8)
  - Moya/Core (8.0.5):
    - Alamofire (~> 4.1)
    - Result (~> 3.0)
  - Moya/RxSwift (8.0.5):
    - Moya/Core
    - RxSwift (~> 3.0)
  - Result (3.2.3)
  - RxCocoa (3.5.0):
    - RxSwift (~> 3.4)
  - RxSwift (3.5.0)
  - SVProgressHUD (2.1.2)
  - SwiftyJSON (3.1.4)
  - UMengAnalytics (4.1.10)

DEPENDENCIES:
  - Bugly
  - HandyJSON (~> 1.7.1)
  - IQKeyboardManagerSwift
  - Moya/RxSwift
  - RxCocoa (~> 3.0)
  - SVProgressHUD (~> 2.1.2)
  - SwiftyJSON
  - UMengAnalytics (~> 4.1.10)

SPEC CHECKSUMS:
  Alamofire: f28cdffd29de33a7bfa022cbd63ae95a27fae140
  Bugly: 7756e72c59387b0d490f46e83ab458ae94ee7fba
  HandyJSON: 54b6ce942795f7b2e61b82fe73cf25d9f139d125
  IQKeyboardManagerSwift: c04bc9f68473823f825eb44d958fce98d921bead
  Moya: c37eec09a098ba9991b5a963b291fc5704bdb9ef
  Result: 128640a6347e8d2ae48b142556739a2d13f90ce6
  RxCocoa: a0a09f45d0e5b48ecb6a4a7b4b4c89c88d3f633f
  RxSwift: 18ee9d78b45edb3b0b7e79916b47a116e6dbc842
  SVProgressHUD: c404a55d78acbeb7ebb78b76d3faf986475a6994
  SwiftyJSON: c2842d878f95482ffceec5709abc3d05680c0220
  UMengAnalytics: 40585031b7eb085534c68a951b394731e7166257

PODFILE CHECKSUM: 90dfc134c21ba19823c485cb630290c0b9372b40

COCOAPODS: 1.2.0
